
Microsoft Visual Studio Solution File, Format Version 12.00
# Visual Studio 15
VisualStudioVersion = 15.0.28307.421
MinimumVisualStudioVersion = 10.0.40219.1
Project("{FAE04EC0-301F-11D3-BF4B-00C04F79EFBC}") = "AgentAssignment", "AgentAssignment\AgentAssignment.csproj", "{02D4C681-D7FE-4DCC-B3F8-7B8297180617}"
EndProject
Project("{FAE04EC0-301F-11D3-BF4B-00C04F79EFBC}") = "AgentAssignment2", "AgentAssignment2\AgentAssignment2.csproj", "{3AC03D98-5ABC-4955-A47A-D1304EBA9E8C}"
EndProject
Global
	GlobalSection(SolutionConfigurationPlatforms) = preSolution
		Debug|Any CPU = Debug|Any CPU
		Release|Any CPU = Release|Any CPU
	EndGlobalSection
	GlobalSection(ProjectConfigurationPlatforms) = postSolution
		{02D4C681-D7FE-4DCC-B3F8-7B8297180617}.Debug|Any CPU.ActiveCfg = Debug|Any CPU
		{02D4C681-D7FE-4DCC-B3F8-7B8297180617}.Debug|Any CPU.Build.0 = Debug|Any CPU
		{02D4C681-D7FE-4DCC-B3F8-7B8297180617}.Release|Any CPU.ActiveCfg = Release|Any CPU
		{02D4C681-D7FE-4DCC-B3F8-7B8297180617}.Release|Any CPU.Build.0 = Release|Any CPU
		{3AC03D98-5ABC-4955-A47A-D1304EBA9E8C}.Debug|Any CPU.ActiveCfg = Debug|Any CPU
		{3AC03D98-5ABC-4955-A47A-D1304EBA9E8C}.Debug|Any CPU.Build.0 = Debug|Any CPU
		{3AC03D98-5ABC-4955-A47A-D1304EBA9E8C}.Release|Any CPU.ActiveCfg = Release|Any CPU
		{3AC03D98-5ABC-4955-A47A-D1304EBA9E8C}.Release|Any CPU.Build.0 = Release|Any CPU
	EndGlobalSection
	GlobalSection(SolutionProperties) = preSolution
		HideSolutionNode = FALSE
	EndGlobalSection
	GlobalSection(ExtensibilityGlobals) = postSolution
		SolutionGuid = {DD742ECF-B346-4904-A0EB-BAD31ACF4D04}
	EndGlobalSection
EndGlobal
