
Microsoft Visual Studio Solution File, Format Version 12.00
# Visual Studio 15
VisualStudioVersion = 15.0.28307.421
MinimumVisualStudioVersion = 10.0.40219.1
Project("{FAE04EC0-301F-11D3-BF4B-00C04F79EFBC}") = "AgentAssignment", "AgentAssignment\AgentAssignment.csproj", "{02D4C681-D7FE-4DCC-B3F8-7B8297180617}"
EndProject
Project("{FAE04EC0-301F-11D3-BF4B-00C04F79EFBC}") = "AgentAssignment2", "AgentAssignment2\AgentAssignment2.csproj", "{3AC03D98-5ABC-4955-A47A-D1304EBA9E8C}"
EndProject
Project("{FAE04EC0-301F-11D3-BF4B-00C04F79EFBC}") = "AgentAssignment3", "AgentAssignment3\AgentAssignment3.csproj", "{ACE7D2B9-3477-4CD3-BEA7-B6EB630AC69E}"
EndProject
Project("{FAE04EC0-301F-11D3-BF4B-00C04F79EFBC}") = "AgentAssignment4", "AgentAssignment4\AgentAssignment4.csproj", "{A6BD140D-0906-42A9-8BC2-C40987746701}"
EndProject
Project("{FAE04EC0-301F-11D3-BF4B-00C04F79EFBC}") = "AgentAssignment5", "AgentAssignment5\AgentAssignment5.csproj", "{898FED93-1040-4BF6-9EC9-2739E4E410D9}"
EndProject
Project("{2150E333-8FDC-42A3-9474-1A3956D46DE8}") = "Images", "Images", "{0AFB45CC-0C04-4B99-B4EE-DA1DF5426FFA}"
	ProjectSection(SolutionItems) = preProject
		AgentAssignment4\Images\leftArrow.png = AgentAssignment4\Images\leftArrow.png
		AgentAssignment4\Images\minusSign.png = AgentAssignment4\Images\minusSign.png
		AgentAssignment4\Images\plusSign.png = AgentAssignment4\Images\plusSign.png
		AgentAssignment4\Images\rightArrow.png = AgentAssignment4\Images\rightArrow.png
	EndProjectSection
EndProject
Global
	GlobalSection(SolutionConfigurationPlatforms) = preSolution
		Debug|Any CPU = Debug|Any CPU
		Release|Any CPU = Release|Any CPU
	EndGlobalSection
	GlobalSection(ProjectConfigurationPlatforms) = postSolution
		{02D4C681-D7FE-4DCC-B3F8-7B8297180617}.Debug|Any CPU.ActiveCfg = Debug|Any CPU
		{02D4C681-D7FE-4DCC-B3F8-7B8297180617}.Debug|Any CPU.Build.0 = Debug|Any CPU
		{02D4C681-D7FE-4DCC-B3F8-7B8297180617}.Release|Any CPU.ActiveCfg = Release|Any CPU
		{02D4C681-D7FE-4DCC-B3F8-7B8297180617}.Release|Any CPU.Build.0 = Release|Any CPU
		{3AC03D98-5ABC-4955-A47A-D1304EBA9E8C}.Debug|Any CPU.ActiveCfg = Debug|Any CPU
		{3AC03D98-5ABC-4955-A47A-D1304EBA9E8C}.Debug|Any CPU.Build.0 = Debug|Any CPU
		{3AC03D98-5ABC-4955-A47A-D1304EBA9E8C}.Release|Any CPU.ActiveCfg = Release|Any CPU
		{3AC03D98-5ABC-4955-A47A-D1304EBA9E8C}.Release|Any CPU.Build.0 = Release|Any CPU
		{ACE7D2B9-3477-4CD3-BEA7-B6EB630AC69E}.Debug|Any CPU.ActiveCfg = Debug|Any CPU
		{ACE7D2B9-3477-4CD3-BEA7-B6EB630AC69E}.Debug|Any CPU.Build.0 = Debug|Any CPU
		{ACE7D2B9-3477-4CD3-BEA7-B6EB630AC69E}.Release|Any CPU.ActiveCfg = Release|Any CPU
		{ACE7D2B9-3477-4CD3-BEA7-B6EB630AC69E}.Release|Any CPU.Build.0 = Release|Any CPU
		{A6BD140D-0906-42A9-8BC2-C40987746701}.Debug|Any CPU.ActiveCfg = Debug|Any CPU
		{A6BD140D-0906-42A9-8BC2-C40987746701}.Debug|Any CPU.Build.0 = Debug|Any CPU
		{A6BD140D-0906-42A9-8BC2-C40987746701}.Release|Any CPU.ActiveCfg = Release|Any CPU
		{A6BD140D-0906-42A9-8BC2-C40987746701}.Release|Any CPU.Build.0 = Release|Any CPU
		{898FED93-1040-4BF6-9EC9-2739E4E410D9}.Debug|Any CPU.ActiveCfg = Debug|Any CPU
		{898FED93-1040-4BF6-9EC9-2739E4E410D9}.Debug|Any CPU.Build.0 = Debug|Any CPU
		{898FED93-1040-4BF6-9EC9-2739E4E410D9}.Release|Any CPU.ActiveCfg = Release|Any CPU
		{898FED93-1040-4BF6-9EC9-2739E4E410D9}.Release|Any CPU.Build.0 = Release|Any CPU
	EndGlobalSection
	GlobalSection(SolutionProperties) = preSolution
		HideSolutionNode = FALSE
	EndGlobalSection
	GlobalSection(ExtensibilityGlobals) = postSolution
		SolutionGuid = {DD742ECF-B346-4904-A0EB-BAD31ACF4D04}
	EndGlobalSection
EndGlobal
